
Microsoft Visual Studio Solution File, Format Version 11.00
# Visual Studio 2010
Project("{8BC9CEB8-8B4A-11D0-8D11-00A0C91BC942}") = "SingleCore", "SingleCore\SingleCore.vcxproj", "{814A4583-3BDB-4B58-A6AE-F8B63C37634A}"
EndProject
Global
	GlobalSection(SolutionConfigurationPlatforms) = preSolution
		Debug|Win32 = Debug|Win32
		Release|Win32 = Release|Win32
	EndGlobalSection
	GlobalSection(ProjectConfigurationPlatforms) = postSolution
		{814A4583-3BDB-4B58-A6AE-F8B63C37634A}.Debug|Win32.ActiveCfg = Debug|Win32
		{814A4583-3BDB-4B58-A6AE-F8B63C37634A}.Debug|Win32.Build.0 = Debug|Win32
		{814A4583-3BDB-4B58-A6AE-F8B63C37634A}.Release|Win32.ActiveCfg = Release|Win32
		{814A4583-3BDB-4B58-A6AE-F8B63C37634A}.Release|Win32.Build.0 = Release|Win32
	EndGlobalSection
	GlobalSection(SolutionProperties) = preSolution
		HideSolutionNode = FALSE
	EndGlobalSection
EndGlobal
