
Microsoft Visual Studio Solution File, Format Version 11.00
# Visual Studio 2010
Project("{8BC9CEB8-8B4A-11D0-8D11-00A0C91BC942}") = "Resume", "Resume\Resume.vcxproj", "{FEB58631-8D4F-45EC-BB9D-1D0CA80DBD02}"
EndProject
Global
	GlobalSection(SolutionConfigurationPlatforms) = preSolution
		Debug|Win32 = Debug|Win32
		Release|Win32 = Release|Win32
	EndGlobalSection
	GlobalSection(ProjectConfigurationPlatforms) = postSolution
		{FEB58631-8D4F-45EC-BB9D-1D0CA80DBD02}.Debug|Win32.ActiveCfg = Debug|Win32
		{FEB58631-8D4F-45EC-BB9D-1D0CA80DBD02}.Debug|Win32.Build.0 = Debug|Win32
		{FEB58631-8D4F-45EC-BB9D-1D0CA80DBD02}.Release|Win32.ActiveCfg = Release|Win32
		{FEB58631-8D4F-45EC-BB9D-1D0CA80DBD02}.Release|Win32.Build.0 = Release|Win32
	EndGlobalSection
	GlobalSection(SolutionProperties) = preSolution
		HideSolutionNode = FALSE
	EndGlobalSection
EndGlobal
